
Microsoft Visual Studio Solution File, Format Version 12.00
# Visual Studio Version 17
VisualStudioVersion = 17.0.32112.339
MinimumVisualStudioVersion = 10.0.40219.1
Project("{FAE04EC0-301F-11D3-BF4B-00C04F79EFBC}") = "LibreriaSanti", "LibreriaSanti\LibreriaSanti.csproj", "{04C27F92-087E-49EC-BA96-F98770980E0D}"
EndProject
Project("{FAE04EC0-301F-11D3-BF4B-00C04F79EFBC}") = "LibreriaSantiMSTest", "LibreriaSantiMSTest\LibreriaSantiMSTest.csproj", "{F7710D76-EC8C-4C98-ACDA-54A2E4ED57E2}"
EndProject
Project("{FAE04EC0-301F-11D3-BF4B-00C04F79EFBC}") = "LibreriaSantiNUnitTest", "LibreriaSantiNUnitTest\LibreriaSantiNUnitTest.csproj", "{A1A5874A-FC1E-44F9-822E-2BBB0099E3FC}"
EndProject
Global
	GlobalSection(SolutionConfigurationPlatforms) = preSolution
		Debug|Any CPU = Debug|Any CPU
		Release|Any CPU = Release|Any CPU
	EndGlobalSection
	GlobalSection(ProjectConfigurationPlatforms) = postSolution
		{04C27F92-087E-49EC-BA96-F98770980E0D}.Debug|Any CPU.ActiveCfg = Debug|Any CPU
		{04C27F92-087E-49EC-BA96-F98770980E0D}.Debug|Any CPU.Build.0 = Debug|Any CPU
		{04C27F92-087E-49EC-BA96-F98770980E0D}.Release|Any CPU.ActiveCfg = Release|Any CPU
		{04C27F92-087E-49EC-BA96-F98770980E0D}.Release|Any CPU.Build.0 = Release|Any CPU
		{F7710D76-EC8C-4C98-ACDA-54A2E4ED57E2}.Debug|Any CPU.ActiveCfg = Debug|Any CPU
		{F7710D76-EC8C-4C98-ACDA-54A2E4ED57E2}.Debug|Any CPU.Build.0 = Debug|Any CPU
		{F7710D76-EC8C-4C98-ACDA-54A2E4ED57E2}.Release|Any CPU.ActiveCfg = Release|Any CPU
		{F7710D76-EC8C-4C98-ACDA-54A2E4ED57E2}.Release|Any CPU.Build.0 = Release|Any CPU
		{A1A5874A-FC1E-44F9-822E-2BBB0099E3FC}.Debug|Any CPU.ActiveCfg = Debug|Any CPU
		{A1A5874A-FC1E-44F9-822E-2BBB0099E3FC}.Debug|Any CPU.Build.0 = Debug|Any CPU
		{A1A5874A-FC1E-44F9-822E-2BBB0099E3FC}.Release|Any CPU.ActiveCfg = Release|Any CPU
		{A1A5874A-FC1E-44F9-822E-2BBB0099E3FC}.Release|Any CPU.Build.0 = Release|Any CPU
	EndGlobalSection
	GlobalSection(SolutionProperties) = preSolution
		HideSolutionNode = FALSE
	EndGlobalSection
	GlobalSection(ExtensibilityGlobals) = postSolution
		SolutionGuid = {FDF14768-59BB-4D44-AD46-B9D77E7AF4B2}
	EndGlobalSection
EndGlobal
